
Microsoft Visual Studio Solution File, Format Version 12.00
# Visual Studio Version 17
VisualStudioVersion = 17.0.32014.148
MinimumVisualStudioVersion = 10.0.40219.1
Project("{FAE04EC0-301F-11D3-BF4B-00C04F79EFBC}") = "OldContextMenu", "OldContextMenu\OldContextMenu.csproj", "{6053ADBE-308D-47F9-BD41-B592CA9F7F0D}"
EndProject
Global
	GlobalSection(SolutionConfigurationPlatforms) = preSolution
		Debug|Any CPU = Debug|Any CPU
		Release|Any CPU = Release|Any CPU
	EndGlobalSection
	GlobalSection(ProjectConfigurationPlatforms) = postSolution
		{6053ADBE-308D-47F9-BD41-B592CA9F7F0D}.Debug|Any CPU.ActiveCfg = Debug|Any CPU
		{6053ADBE-308D-47F9-BD41-B592CA9F7F0D}.Debug|Any CPU.Build.0 = Debug|Any CPU
		{6053ADBE-308D-47F9-BD41-B592CA9F7F0D}.Release|Any CPU.ActiveCfg = Release|Any CPU
		{6053ADBE-308D-47F9-BD41-B592CA9F7F0D}.Release|Any CPU.Build.0 = Release|Any CPU
	EndGlobalSection
	GlobalSection(SolutionProperties) = preSolution
		HideSolutionNode = FALSE
	EndGlobalSection
	GlobalSection(ExtensibilityGlobals) = postSolution
		SolutionGuid = {CCDB4A44-4385-43FD-9FC6-A3B61CF7B4C8}
	EndGlobalSection
EndGlobal
